// !$*UTF8*$!
{
	archiveVersion = 1;
	classes = {
	};
	objectVersion = 55;
	objects = {

/* Begin PBXBuildFile section */
		20F53E582671E122007C80EA /* AppDelegate.swift in Sources */ = {isa = PBXBuildFile; fileRef = 20F53E572671E122007C80EA /* AppDelegate.swift */; };
		20F53E5A2671E122007C80EA /* SceneDelegate.swift in Sources */ = {isa = PBXBuildFile; fileRef = 20F53E592671E122007C80EA /* SceneDelegate.swift */; };
		20F53E5C2671E122007C80EA /* MainViewController.swift in Sources */ = {isa = PBXBuildFile; fileRef = 20F53E5B2671E122007C80EA /* MainViewController.swift */; };
		20F53E5F2671E122007C80EA /* MainViewController.storyboard in Resources */ = {isa = PBXBuildFile; fileRef = 20F53E5D2671E122007C80EA /* MainViewController.storyboard */; };
		20F53E612671E123007C80EA /* Assets.xcassets in Resources */ = {isa = PBXBuildFile; fileRef = 20F53E602671E123007C80EA /* Assets.xcassets */; };
		20F53E642671E123007C80EA /* LaunchScreen.storyboard in Resources */ = {isa = PBXBuildFile; fileRef = 20F53E622671E123007C80EA /* LaunchScreen.storyboard */; };
		20F53E6F2671E124007C80EA /* SampleRepoListTests.swift in Sources */ = {isa = PBXBuildFile; fileRef = 20F53E6E2671E124007C80EA /* SampleRepoListTests.swift */; };
		20F53E792671E124007C80EA /* SampleRepoListUITests.swift in Sources */ = {isa = PBXBuildFile; fileRef = 20F53E782671E124007C80EA /* SampleRepoListUITests.swift */; };
		20F53E8B2671F1F5007C80EA /* MainTableCell.swift in Sources */ = {isa = PBXBuildFile; fileRef = 20F53E8A2671F1F5007C80EA /* MainTableCell.swift */; };
		20F53E8E2671F215007C80EA /* GithubRepoList.swift in Sources */ = {isa = PBXBuildFile; fileRef = 20F53E8D2671F215007C80EA /* GithubRepoList.swift */; };
		20F53E902671F225007C80EA /* GithubRepo.swift in Sources */ = {isa = PBXBuildFile; fileRef = 20F53E8F2671F225007C80EA /* GithubRepo.swift */; };
		20F53E922671F231007C80EA /* GithubRepoOwner.swift in Sources */ = {isa = PBXBuildFile; fileRef = 20F53E912671F231007C80EA /* GithubRepoOwner.swift */; };
		20F53E942671F27F007C80EA /* APIGateway.swift in Sources */ = {isa = PBXBuildFile; fileRef = 20F53E932671F27F007C80EA /* APIGateway.swift */; };
		20F53E962671F28A007C80EA /* APIClient.swift in Sources */ = {isa = PBXBuildFile; fileRef = 20F53E952671F28A007C80EA /* APIClient.swift */; };
		20F53E982671F2D5007C80EA /* MainTableCell.xib in Resources */ = {isa = PBXBuildFile; fileRef = 20F53E972671F2D5007C80EA /* MainTableCell.xib */; };
		20F53E9A2671F3A7007C80EA /* UIColor+Addition.swift in Sources */ = {isa = PBXBuildFile; fileRef = 20F53E992671F3A7007C80EA /* UIColor+Addition.swift */; };
		20F53E9C2671F3B0007C80EA /* UITableView+Addition.swift in Sources */ = {isa = PBXBuildFile; fileRef = 20F53E9B2671F3B0007C80EA /* UITableView+Addition.swift */; };
		20F53E9E2671F3BA007C80EA /* UITableViewCell+Addition.swift in Sources */ = {isa = PBXBuildFile; fileRef = 20F53E9D2671F3BA007C80EA /* UITableViewCell+Addition.swift */; };
		20F53EA02671F3C3007C80EA /* NibLoadable.swift in Sources */ = {isa = PBXBuildFile; fileRef = 20F53E9F2671F3C3007C80EA /* NibLoadable.swift */; };
/* End PBXBuildFile section */

/* Begin PBXContainerItemProxy section */
		20F53E6B2671E124007C80EA /* PBXContainerItemProxy */ = {
			isa = PBXContainerItemProxy;
			containerPortal = 20F53E4C2671E121007C80EA /* Project object */;
			proxyType = 1;
			remoteGlobalIDString = 20F53E532671E122007C80EA;
			remoteInfo = SampleRepoList;
		};
		20F53E752671E124007C80EA /* PBXContainerItemProxy */ = {
			isa = PBXContainerItemProxy;
			containerPortal = 20F53E4C2671E121007C80EA /* Project object */;
			proxyType = 1;
			remoteGlobalIDString = 20F53E532671E122007C80EA;
			remoteInfo = SampleRepoList;
		};
/* End PBXContainerItemProxy section */

/* Begin PBXFileReference section */
		20F53E542671E122007C80EA /* SampleRepoList.app */ = {isa = PBXFileReference; explicitFileType = wrapper.application; includeInIndex = 0; path = SampleRepoList.app; sourceTree = BUILT_PRODUCTS_DIR; };
		20F53E572671E122007C80EA /* AppDelegate.swift */ = {isa = PBXFileReference; lastKnownFileType = sourcecode.swift; path = AppDelegate.swift; sourceTree = "<group>"; };
		20F53E592671E122007C80EA /* SceneDelegate.swift */ = {isa = PBXFileReference; lastKnownFileType = sourcecode.swift; path = SceneDelegate.swift; sourceTree = "<group>"; };
		20F53E5B2671E122007C80EA /* MainViewController.swift */ = {isa = PBXFileReference; lastKnownFileType = sourcecode.swift; path = MainViewController.swift; sourceTree = "<group>"; };
		20F53E5E2671E122007C80EA /* Base */ = {isa = PBXFileReference; lastKnownFileType = file.storyboard; name = Base; path = Base.lproj/MainViewController.storyboard; sourceTree = "<group>"; };
		20F53E602671E123007C80EA /* Assets.xcassets */ = {isa = PBXFileReference; lastKnownFileType = folder.assetcatalog; path = Assets.xcassets; sourceTree = "<group>"; };
		20F53E632671E123007C80EA /* Base */ = {isa = PBXFileReference; lastKnownFileType = file.storyboard; name = Base; path = Base.lproj/LaunchScreen.storyboard; sourceTree = "<group>"; };
		20F53E652671E123007C80EA /* Info.plist */ = {isa = PBXFileReference; lastKnownFileType = text.plist.xml; path = Info.plist; sourceTree = "<group>"; };
		20F53E6A2671E124007C80EA /* SampleRepoListTests.xctest */ = {isa = PBXFileReference; explicitFileType = wrapper.cfbundle; includeInIndex = 0; path = SampleRepoListTests.xctest; sourceTree = BUILT_PRODUCTS_DIR; };
		20F53E6E2671E124007C80EA /* SampleRepoListTests.swift */ = {isa = PBXFileReference; lastKnownFileType = sourcecode.swift; path = SampleRepoListTests.swift; sourceTree = "<group>"; };
		20F53E742671E124007C80EA /* SampleRepoListUITests.xctest */ = {isa = PBXFileReference; explicitFileType = wrapper.cfbundle; includeInIndex = 0; path = SampleRepoListUITests.xctest; sourceTree = BUILT_PRODUCTS_DIR; };
		20F53E782671E124007C80EA /* SampleRepoListUITests.swift */ = {isa = PBXFileReference; lastKnownFileType = sourcecode.swift; path = SampleRepoListUITests.swift; sourceTree = "<group>"; };
		20F53E8A2671F1F5007C80EA /* MainTableCell.swift */ = {isa = PBXFileReference; lastKnownFileType = sourcecode.swift; path = MainTableCell.swift; sourceTree = "<group>"; };
		20F53E8D2671F215007C80EA /* GithubRepoList.swift */ = {isa = PBXFileReference; lastKnownFileType = sourcecode.swift; path = GithubRepoList.swift; sourceTree = "<group>"; };
		20F53E8F2671F225007C80EA /* GithubRepo.swift */ = {isa = PBXFileReference; lastKnownFileType = sourcecode.swift; path = GithubRepo.swift; sourceTree = "<group>"; };
		20F53E912671F231007C80EA /* GithubRepoOwner.swift */ = {isa = PBXFileReference; lastKnownFileType = sourcecode.swift; path = GithubRepoOwner.swift; sourceTree = "<group>"; };
		20F53E932671F27F007C80EA /* APIGateway.swift */ = {isa = PBXFileReference; lastKnownFileType = sourcecode.swift; path = APIGateway.swift; sourceTree = "<group>"; };
		20F53E952671F28A007C80EA /* APIClient.swift */ = {isa = PBXFileReference; lastKnownFileType = sourcecode.swift; path = APIClient.swift; sourceTree = "<group>"; };
		20F53E972671F2D5007C80EA /* MainTableCell.xib */ = {isa = PBXFileReference; lastKnownFileType = file.xib; path = MainTableCell.xib; sourceTree = "<group>"; };
		20F53E992671F3A7007C80EA /* UIColor+Addition.swift */ = {isa = PBXFileReference; lastKnownFileType = sourcecode.swift; path = "UIColor+Addition.swift"; sourceTree = "<group>"; };
		20F53E9B2671F3B0007C80EA /* UITableView+Addition.swift */ = {isa = PBXFileReference; lastKnownFileType = sourcecode.swift; path = "UITableView+Addition.swift"; sourceTree = "<group>"; };
		20F53E9D2671F3BA007C80EA /* UITableViewCell+Addition.swift */ = {isa = PBXFileReference; lastKnownFileType = sourcecode.swift; path = "UITableViewCell+Addition.swift"; sourceTree = "<group>"; };
		20F53E9F2671F3C3007C80EA /* NibLoadable.swift */ = {isa = PBXFileReference; lastKnownFileType = sourcecode.swift; path = NibLoadable.swift; sourceTree = "<group>"; };
/* End PBXFileReference section */

/* Begin PBXFrameworksBuildPhase section */
		20F53E512671E122007C80EA /* Frameworks */ = {
			isa = PBXFrameworksBuildPhase;
			buildActionMask = 2147483647;
			files = (
			);
			runOnlyForDeploymentPostprocessing = 0;
		};
		20F53E672671E124007C80EA /* Frameworks */ = {
			isa = PBXFrameworksBuildPhase;
			buildActionMask = 2147483647;
			files = (
			);
			runOnlyForDeploymentPostprocessing = 0;
		};
		20F53E712671E124007C80EA /* Frameworks */ = {
			isa = PBXFrameworksBuildPhase;
			buildActionMask = 2147483647;
			files = (
			);
			runOnlyForDeploymentPostprocessing = 0;
		};
/* End PBXFrameworksBuildPhase section */

/* Begin PBXGroup section */
		20F53E4B2671E121007C80EA = {
			isa = PBXGroup;
			children = (
				20F53E562671E122007C80EA /* SampleRepoList */,
				20F53E6D2671E124007C80EA /* SampleRepoListTests */,
				20F53E772671E124007C80EA /* SampleRepoListUITests */,
				20F53E552671E122007C80EA /* Products */,
			);
			sourceTree = "<group>";
		};
		20F53E552671E122007C80EA /* Products */ = {
			isa = PBXGroup;
			children = (
				20F53E542671E122007C80EA /* SampleRepoList.app */,
				20F53E6A2671E124007C80EA /* SampleRepoListTests.xctest */,
				20F53E742671E124007C80EA /* SampleRepoListUITests.xctest */,
			);
			name = Products;
			sourceTree = "<group>";
		};
		20F53E562671E122007C80EA /* SampleRepoList */ = {
			isa = PBXGroup;
			children = (
				20F53E852671E173007C80EA /* AppDelegate */,
				20F53E862671E178007C80EA /* View */,
				20F53E8C2671F206007C80EA /* Model */,
				20F53E872671E17C007C80EA /* API */,
				20F53E882671E184007C80EA /* Resource */,
				20F53E892671E18C007C80EA /* Extension */,
				20F53E652671E123007C80EA /* Info.plist */,
			);
			path = SampleRepoList;
			sourceTree = "<group>";
		};
		20F53E6D2671E124007C80EA /* SampleRepoListTests */ = {
			isa = PBXGroup;
			children = (
				20F53E6E2671E124007C80EA /* SampleRepoListTests.swift */,
			);
			path = SampleRepoListTests;
			sourceTree = "<group>";
		};
		20F53E772671E124007C80EA /* SampleRepoListUITests */ = {
			isa = PBXGroup;
			children = (
				20F53E782671E124007C80EA /* SampleRepoListUITests.swift */,
			);
			path = SampleRepoListUITests;
			sourceTree = "<group>";
		};
		20F53E852671E173007C80EA /* AppDelegate */ = {
			isa = PBXGroup;
			children = (
				20F53E572671E122007C80EA /* AppDelegate.swift */,
				20F53E592671E122007C80EA /* SceneDelegate.swift */,
			);
			path = AppDelegate;
			sourceTree = "<group>";
		};
		20F53E862671E178007C80EA /* View */ = {
			isa = PBXGroup;
			children = (
				20F53E5B2671E122007C80EA /* MainViewController.swift */,
				20F53E8A2671F1F5007C80EA /* MainTableCell.swift */,
			);
			path = View;
			sourceTree = "<group>";
		};
		20F53E872671E17C007C80EA /* API */ = {
			isa = PBXGroup;
			children = (
				20F53E932671F27F007C80EA /* APIGateway.swift */,
				20F53E952671F28A007C80EA /* APIClient.swift */,
			);
			path = API;
			sourceTree = "<group>";
		};
		20F53E882671E184007C80EA /* Resource */ = {
			isa = PBXGroup;
			children = (
				20F53E602671E123007C80EA /* Assets.xcassets */,
				20F53E622671E123007C80EA /* LaunchScreen.storyboard */,
				20F53E5D2671E122007C80EA /* MainViewController.storyboard */,
				20F53E972671F2D5007C80EA /* MainTableCell.xib */,
			);
			path = Resource;
			sourceTree = "<group>";
		};
		20F53E892671E18C007C80EA /* Extension */ = {
			isa = PBXGroup;
			children = (
				20F53E992671F3A7007C80EA /* UIColor+Addition.swift */,
				20F53E9B2671F3B0007C80EA /* UITableView+Addition.swift */,
				20F53E9D2671F3BA007C80EA /* UITableViewCell+Addition.swift */,
				20F53E9F2671F3C3007C80EA /* NibLoadable.swift */,
			);
			path = Extension;
			sourceTree = "<group>";
		};
		20F53E8C2671F206007C80EA /* Model */ = {
			isa = PBXGroup;
			children = (
				20F53E8D2671F215007C80EA /* GithubRepoList.swift */,
				20F53E8F2671F225007C80EA /* GithubRepo.swift */,
				20F53E912671F231007C80EA /* GithubRepoOwner.swift */,
			);
			path = Model;
			sourceTree = "<group>";
		};
/* End PBXGroup section */

/* Begin PBXNativeTarget section */
		20F53E532671E122007C80EA /* SampleRepoList */ = {
			isa = PBXNativeTarget;
			buildConfigurationList = 20F53E7C2671E124007C80EA /* Build configuration list for PBXNativeTarget "SampleRepoList" */;
			buildPhases = (
				20F53E502671E122007C80EA /* Sources */,
				20F53E512671E122007C80EA /* Frameworks */,
				20F53E522671E122007C80EA /* Resources */,
			);
			buildRules = (
			);
			dependencies = (
			);
			name = SampleRepoList;
			productName = SampleRepoList;
			productReference = 20F53E542671E122007C80EA /* SampleRepoList.app */;
			productType = "com.apple.product-type.application";
		};
		20F53E692671E124007C80EA /* SampleRepoListTests */ = {
			isa = PBXNativeTarget;
			buildConfigurationList = 20F53E7F2671E124007C80EA /* Build configuration list for PBXNativeTarget "SampleRepoListTests" */;
			buildPhases = (
				20F53E662671E124007C80EA /* Sources */,
				20F53E672671E124007C80EA /* Frameworks */,
				20F53E682671E124007C80EA /* Resources */,
			);
			buildRules = (
			);
			dependencies = (
				20F53E6C2671E124007C80EA /* PBXTargetDependency */,
			);
			name = SampleRepoListTests;
			productName = SampleRepoListTests;
			productReference = 20F53E6A2671E124007C80EA /* SampleRepoListTests.xctest */;
			productType = "com.apple.product-type.bundle.unit-test";
		};
		20F53E732671E124007C80EA /* SampleRepoListUITests */ = {
			isa = PBXNativeTarget;
			buildConfigurationList = 20F53E822671E124007C80EA /* Build configuration list for PBXNativeTarget "SampleRepoListUITests" */;
			buildPhases = (
				20F53E702671E124007C80EA /* Sources */,
				20F53E712671E124007C80EA /* Frameworks */,
				20F53E722671E124007C80EA /* Resources */,
			);
			buildRules = (
			);
			dependencies = (
				20F53E762671E124007C80EA /* PBXTargetDependency */,
			);
			name = SampleRepoListUITests;
			productName = SampleRepoListUITests;
			productReference = 20F53E742671E124007C80EA /* SampleRepoListUITests.xctest */;
			productType = "com.apple.product-type.bundle.ui-testing";
		};
/* End PBXNativeTarget section */

/* Begin PBXProject section */
		20F53E4C2671E121007C80EA /* Project object */ = {
			isa = PBXProject;
			attributes = {
				BuildIndependentTargetsInParallel = 1;
				LastSwiftUpdateCheck = 1300;
				LastUpgradeCheck = 1300;
				TargetAttributes = {
					20F53E532671E122007C80EA = {
						CreatedOnToolsVersion = 13.0;
					};
					20F53E692671E124007C80EA = {
						CreatedOnToolsVersion = 13.0;
						TestTargetID = 20F53E532671E122007C80EA;
					};
					20F53E732671E124007C80EA = {
						CreatedOnToolsVersion = 13.0;
						TestTargetID = 20F53E532671E122007C80EA;
					};
				};
			};
			buildConfigurationList = 20F53E4F2671E121007C80EA /* Build configuration list for PBXProject "SampleRepoList" */;
			compatibilityVersion = "Xcode 13.0";
			developmentRegion = en;
			hasScannedForEncodings = 0;
			knownRegions = (
				en,
				Base,
			);
			mainGroup = 20F53E4B2671E121007C80EA;
			productRefGroup = 20F53E552671E122007C80EA /* Products */;
			projectDirPath = "";
			projectRoot = "";
			targets = (
				20F53E532671E122007C80EA /* SampleRepoList */,
				20F53E692671E124007C80EA /* SampleRepoListTests */,
				20F53E732671E124007C80EA /* SampleRepoListUITests */,
			);
		};
/* End PBXProject section */

/* Begin PBXResourcesBuildPhase section */
		20F53E522671E122007C80EA /* Resources */ = {
			isa = PBXResourcesBuildPhase;
			buildActionMask = 2147483647;
			files = (
				20F53E642671E123007C80EA /* LaunchScreen.storyboard in Resources */,
				20F53E612671E123007C80EA /* Assets.xcassets in Resources */,
				20F53E5F2671E122007C80EA /* MainViewController.storyboard in Resources */,
				20F53E982671F2D5007C80EA /* MainTableCell.xib in Resources */,
			);
			runOnlyForDeploymentPostprocessing = 0;
		};
		20F53E682671E124007C80EA /* Resources */ = {
			isa = PBXResourcesBuildPhase;
			buildActionMask = 2147483647;
			files = (
			);
			runOnlyForDeploymentPostprocessing = 0;
		};
		20F53E722671E124007C80EA /* Resources */ = {
			isa = PBXResourcesBuildPhase;
			buildActionMask = 2147483647;
			files = (
			);
			runOnlyForDeploymentPostprocessing = 0;
		};
/* End PBXResourcesBuildPhase section */

/* Begin PBXSourcesBuildPhase section */
		20F53E502671E122007C80EA /* Sources */ = {
			isa = PBXSourcesBuildPhase;
			buildActionMask = 2147483647;
			files = (
				20F53E5C2671E122007C80EA /* MainViewController.swift in Sources */,
				20F53E9E2671F3BA007C80EA /* UITableViewCell+Addition.swift in Sources */,
				20F53E582671E122007C80EA /* AppDelegate.swift in Sources */,
				20F53E902671F225007C80EA /* GithubRepo.swift in Sources */,
				20F53E8E2671F215007C80EA /* GithubRepoList.swift in Sources */,
				20F53E9C2671F3B0007C80EA /* UITableView+Addition.swift in Sources */,
				20F53E5A2671E122007C80EA /* SceneDelegate.swift in Sources */,
				20F53E922671F231007C80EA /* GithubRepoOwner.swift in Sources */,
				20F53E8B2671F1F5007C80EA /* MainTableCell.swift in Sources */,
				20F53E9A2671F3A7007C80EA /* UIColor+Addition.swift in Sources */,
				20F53E942671F27F007C80EA /* APIGateway.swift in Sources */,
				20F53EA02671F3C3007C80EA /* NibLoadable.swift in Sources */,
				20F53E962671F28A007C80EA /* APIClient.swift in Sources */,
			);
			runOnlyForDeploymentPostprocessing = 0;
		};
		20F53E662671E124007C80EA /* Sources */ = {
			isa = PBXSourcesBuildPhase;
			buildActionMask = 2147483647;
			files = (
				20F53E6F2671E124007C80EA /* SampleRepoListTests.swift in Sources */,
			);
			runOnlyForDeploymentPostprocessing = 0;
		};
		20F53E702671E124007C80EA /* Sources */ = {
			isa = PBXSourcesBuildPhase;
			buildActionMask = 2147483647;
			files = (
				20F53E792671E124007C80EA /* SampleRepoListUITests.swift in Sources */,
			);
			runOnlyForDeploymentPostprocessing = 0;
		};
/* End PBXSourcesBuildPhase section */

/* Begin PBXTargetDependency section */
		20F53E6C2671E124007C80EA /* PBXTargetDependency */ = {
			isa = PBXTargetDependency;
			target = 20F53E532671E122007C80EA /* SampleRepoList */;
			targetProxy = 20F53E6B2671E124007C80EA /* PBXContainerItemProxy */;
		};
		20F53E762671E124007C80EA /* PBXTargetDependency */ = {
			isa = PBXTargetDependency;
			target = 20F53E532671E122007C80EA /* SampleRepoList */;
			targetProxy = 20F53E752671E124007C80EA /* PBXContainerItemProxy */;
		};
/* End PBXTargetDependency section */

/* Begin PBXVariantGroup section */
		20F53E5D2671E122007C80EA /* MainViewController.storyboard */ = {
			isa = PBXVariantGroup;
			children = (
				20F53E5E2671E122007C80EA /* Base */,
			);
			name = MainViewController.storyboard;
			sourceTree = "<group>";
		};
		20F53E622671E123007C80EA /* LaunchScreen.storyboard */ = {
			isa = PBXVariantGroup;
			children = (
				20F53E632671E123007C80EA /* Base */,
			);
			name = LaunchScreen.storyboard;
			sourceTree = "<group>";
		};
/* End PBXVariantGroup section */

/* Begin XCBuildConfiguration section */
		20F53E7A2671E124007C80EA /* Debug */ = {
			isa = XCBuildConfiguration;
			buildSettings = {
				ALWAYS_SEARCH_USER_PATHS = NO;
				CLANG_ANALYZER_NONNULL = YES;
				CLANG_ANALYZER_NUMBER_OBJECT_CONVERSION = YES_AGGRESSIVE;
				CLANG_CXX_LANGUAGE_STANDARD = "gnu++14";
				CLANG_CXX_LIBRARY = "libc++";
				CLANG_ENABLE_MODULES = YES;
				CLANG_ENABLE_OBJC_ARC = YES;
				CLANG_ENABLE_OBJC_WEAK = YES;
				CLANG_WARN_BLOCK_CAPTURE_AUTORELEASING = YES;
				CLANG_WARN_BOOL_CONVERSION = YES;
				CLANG_WARN_COMMA = YES;
				CLANG_WARN_CONSTANT_CONVERSION = YES;
				CLANG_WARN_DEPRECATED_OBJC_IMPLEMENTATIONS = YES;
				CLANG_WARN_DIRECT_OBJC_ISA_USAGE = YES_ERROR;
				CLANG_WARN_DOCUMENTATION_COMMENTS = YES;
				CLANG_WARN_EMPTY_BODY = YES;
				CLANG_WARN_ENUM_CONVERSION = YES;
				CLANG_WARN_INFINITE_RECURSION = YES;
				CLANG_WARN_INT_CONVERSION = YES;
				CLANG_WARN_NON_LITERAL_NULL_CONVERSION = YES;
				CLANG_WARN_OBJC_IMPLICIT_RETAIN_SELF = YES;
				CLANG_WARN_OBJC_LITERAL_CONVERSION = YES;
				CLANG_WARN_OBJC_ROOT_CLASS = YES_ERROR;
				CLANG_WARN_QUOTED_INCLUDE_IN_FRAMEWORK_HEADER = YES;
				CLANG_WARN_RANGE_LOOP_ANALYSIS = YES;
				CLANG_WARN_STRICT_PROTOTYPES = YES;
				CLANG_WARN_SUSPICIOUS_MOVE = YES;
				CLANG_WARN_UNGUARDED_AVAILABILITY = YES_AGGRESSIVE;
				CLANG_WARN_UNREACHABLE_CODE = YES;
				CLANG_WARN__DUPLICATE_METHOD_MATCH = YES;
				COPY_PHASE_STRIP = NO;
				DEBUG_INFORMATION_FORMAT = dwarf;
				ENABLE_STRICT_OBJC_MSGSEND = YES;
				ENABLE_TESTABILITY = YES;
				GCC_C_LANGUAGE_STANDARD = gnu11;
				GCC_DYNAMIC_NO_PIC = NO;
				GCC_NO_COMMON_BLOCKS = YES;
				GCC_OPTIMIZATION_LEVEL = 0;
				GCC_PREPROCESSOR_DEFINITIONS = (
					"DEBUG=1",
					"$(inherited)",
				);
				GCC_WARN_64_TO_32_BIT_CONVERSION = YES;
				GCC_WARN_ABOUT_RETURN_TYPE = YES_ERROR;
				GCC_WARN_UNDECLARED_SELECTOR = YES;
				GCC_WARN_UNINITIALIZED_AUTOS = YES_AGGRESSIVE;
				GCC_WARN_UNUSED_FUNCTION = YES;
				GCC_WARN_UNUSED_VARIABLE = YES;
				IPHONEOS_DEPLOYMENT_TARGET = 15.0;
				MTL_ENABLE_DEBUG_INFO = INCLUDE_SOURCE;
				MTL_FAST_MATH = YES;
				ONLY_ACTIVE_ARCH = YES;
				SDKROOT = iphoneos;
				SWIFT_ACTIVE_COMPILATION_CONDITIONS = DEBUG;
				SWIFT_OPTIMIZATION_LEVEL = "-Onone";
			};
			name = Debug;
		};
		20F53E7B2671E124007C80EA /* Release */ = {
			isa = XCBuildConfiguration;
			buildSettings = {
				ALWAYS_SEARCH_USER_PATHS = NO;
				CLANG_ANALYZER_NONNULL = YES;
				CLANG_ANALYZER_NUMBER_OBJECT_CONVERSION = YES_AGGRESSIVE;
				CLANG_CXX_LANGUAGE_STANDARD = "gnu++14";
				CLANG_CXX_LIBRARY = "libc++";
				CLANG_ENABLE_MODULES = YES;
				CLANG_ENABLE_OBJC_ARC = YES;
				CLANG_ENABLE_OBJC_WEAK = YES;
				CLANG_WARN_BLOCK_CAPTURE_AUTORELEASING = YES;
				CLANG_WARN_BOOL_CONVERSION = YES;
				CLANG_WARN_COMMA = YES;
				CLANG_WARN_CONSTANT_CONVERSION = YES;
				CLANG_WARN_DEPRECATED_OBJC_IMPLEMENTATIONS = YES;
				CLANG_WARN_DIRECT_OBJC_ISA_USAGE = YES_ERROR;
				CLANG_WARN_DOCUMENTATION_COMMENTS = YES;
				CLANG_WARN_EMPTY_BODY = YES;
				CLANG_WARN_ENUM_CONVERSION = YES;
				CLANG_WARN_INFINITE_RECURSION = YES;
				CLANG_WARN_INT_CONVERSION = YES;
				CLANG_WARN_NON_LITERAL_NULL_CONVERSION = YES;
				CLANG_WARN_OBJC_IMPLICIT_RETAIN_SELF = YES;
				CLANG_WARN_OBJC_LITERAL_CONVERSION = YES;
				CLANG_WARN_OBJC_ROOT_CLASS = YES_ERROR;
				CLANG_WARN_QUOTED_INCLUDE_IN_FRAMEWORK_HEADER = YES;
				CLANG_WARN_RANGE_LOOP_ANALYSIS = YES;
				CLANG_WARN_STRICT_PROTOTYPES = YES;
				CLANG_WARN_SUSPICIOUS_MOVE = YES;
				CLANG_WARN_UNGUARDED_AVAILABILITY = YES_AGGRESSIVE;
				CLANG_WARN_UNREACHABLE_CODE = YES;
				CLANG_WARN__DUPLICATE_METHOD_MATCH = YES;
				COPY_PHASE_STRIP = NO;
				DEBUG_INFORMATION_FORMAT = "dwarf-with-dsym";
				ENABLE_NS_ASSERTIONS = NO;
				ENABLE_STRICT_OBJC_MSGSEND = YES;
				GCC_C_LANGUAGE_STANDARD = gnu11;
				GCC_NO_COMMON_BLOCKS = YES;
				GCC_WARN_64_TO_32_BIT_CONVERSION = YES;
				GCC_WARN_ABOUT_RETURN_TYPE = YES_ERROR;
				GCC_WARN_UNDECLARED_SELECTOR = YES;
				GCC_WARN_UNINITIALIZED_AUTOS = YES_AGGRESSIVE;
				GCC_WARN_UNUSED_FUNCTION = YES;
				GCC_WARN_UNUSED_VARIABLE = YES;
				IPHONEOS_DEPLOYMENT_TARGET = 15.0;
				MTL_ENABLE_DEBUG_INFO = NO;
				MTL_FAST_MATH = YES;
				SDKROOT = iphoneos;
				SWIFT_COMPILATION_MODE = wholemodule;
				SWIFT_OPTIMIZATION_LEVEL = "-O";
				VALIDATE_PRODUCT = YES;
			};
			name = Release;
		};
		20F53E7D2671E124007C80EA /* Debug */ = {
			isa = XCBuildConfiguration;
			buildSettings = {
				ASSETCATALOG_COMPILER_APPICON_NAME = AppIcon;
				ASSETCATALOG_COMPILER_GLOBAL_ACCENT_COLOR_NAME = AccentColor;
				CODE_SIGN_STYLE = Automatic;
				CURRENT_PROJECT_VERSION = 1;
				DEVELOPMENT_TEAM = 98UFL8A7L4;
				GENERATE_INFOPLIST_FILE = YES;
				INFOPLIST_FILE = SampleRepoList/Info.plist;
				INFOPLIST_KEY_CFBundleExecutable = SampleRepoList;
				INFOPLIST_KEY_CFBundleName = SampleRepoList;
				INFOPLIST_KEY_CFBundleVersion = 1;
				INFOPLIST_KEY_UIApplicationSupportsIndirectInputEvents = YES;
				INFOPLIST_KEY_UILaunchStoryboardName = LaunchScreen;
				INFOPLIST_KEY_UIMainStoryboardFile = MainViewController;
				INFOPLIST_KEY_UISupportedInterfaceOrientations_iPad = "UIInterfaceOrientationPortrait UIInterfaceOrientationPortraitUpsideDown UIInterfaceOrientationLandscapeLeft UIInterfaceOrientationLandscapeRight";
				INFOPLIST_KEY_UISupportedInterfaceOrientations_iPhone = "UIInterfaceOrientationPortrait UIInterfaceOrientationLandscapeLeft UIInterfaceOrientationLandscapeRight";
				LD_RUNPATH_SEARCH_PATHS = (
					"$(inherited)",
					"@executable_path/Frameworks",
				);
				MARKETING_VERSION = 1.0;
				PRODUCT_BUNDLE_IDENTIFIER = com.fuwamaki.SampleRepoList;
				PRODUCT_NAME = "$(TARGET_NAME)";
				SWIFT_EMIT_LOC_STRINGS = YES;
				SWIFT_VERSION = 5.0;
				TARGETED_DEVICE_FAMILY = "1,2";
			};
			name = Debug;
		};
		20F53E7E2671E124007C80EA /* Release */ = {
			isa = XCBuildConfiguration;
			buildSettings = {
				ASSETCATALOG_COMPILER_APPICON_NAME = AppIcon;
				ASSETCATALOG_COMPILER_GLOBAL_ACCENT_COLOR_NAME = AccentColor;
				CODE_SIGN_STYLE = Automatic;
				CURRENT_PROJECT_VERSION = 1;
				DEVELOPMENT_TEAM = 98UFL8A7L4;
				GENERATE_INFOPLIST_FILE = YES;
				INFOPLIST_FILE = SampleRepoList/Info.plist;
				INFOPLIST_KEY_CFBundleExecutable = SampleRepoList;
				INFOPLIST_KEY_CFBundleName = SampleRepoList;
				INFOPLIST_KEY_CFBundleVersion = 1;
				INFOPLIST_KEY_UIApplicationSupportsIndirectInputEvents = YES;
				INFOPLIST_KEY_UILaunchStoryboardName = LaunchScreen;
				INFOPLIST_KEY_UIMainStoryboardFile = MainViewController;
				INFOPLIST_KEY_UISupportedInterfaceOrientations_iPad = "UIInterfaceOrientationPortrait UIInterfaceOrientationPortraitUpsideDown UIInterfaceOrientationLandscapeLeft UIInterfaceOrientationLandscapeRight";
				INFOPLIST_KEY_UISupportedInterfaceOrientations_iPhone = "UIInterfaceOrientationPortrait UIInterfaceOrientationLandscapeLeft UIInterfaceOrientationLandscapeRight";
				LD_RUNPATH_SEARCH_PATHS = (
					"$(inherited)",
					"@executable_path/Frameworks",
				);
				MARKETING_VERSION = 1.0;
				PRODUCT_BUNDLE_IDENTIFIER = com.fuwamaki.SampleRepoList;
				PRODUCT_NAME = "$(TARGET_NAME)";
				SWIFT_EMIT_LOC_STRINGS = YES;
				SWIFT_VERSION = 5.0;
				TARGETED_DEVICE_FAMILY = "1,2";
			};
			name = Release;
		};
		20F53E802671E124007C80EA /* Debug */ = {
			isa = XCBuildConfiguration;
			buildSettings = {
				ALWAYS_EMBED_SWIFT_STANDARD_LIBRARIES = YES;
				BUNDLE_LOADER = "$(TEST_HOST)";
				CODE_SIGN_STYLE = Automatic;
				CURRENT_PROJECT_VERSION = 1;
				DEVELOPMENT_TEAM = 98UFL8A7L4;
				GENERATE_INFOPLIST_FILE = YES;
				IPHONEOS_DEPLOYMENT_TARGET = 15.0;
				LD_RUNPATH_SEARCH_PATHS = (
					"$(inherited)",
					"@executable_path/Frameworks",
					"@loader_path/Frameworks",
				);
				MARKETING_VERSION = 1.0;
				PRODUCT_BUNDLE_IDENTIFIER = com.fuwamaki.SampleRepoListTests;
				PRODUCT_NAME = "$(TARGET_NAME)";
				SWIFT_EMIT_LOC_STRINGS = NO;
				SWIFT_VERSION = 5.0;
				TARGETED_DEVICE_FAMILY = "1,2";
				TEST_HOST = "$(BUILT_PRODUCTS_DIR)/SampleRepoList.app/SampleRepoList";
			};
			name = Debug;
		};
		20F53E812671E124007C80EA /* Release */ = {
			isa = XCBuildConfiguration;
			buildSettings = {
				ALWAYS_EMBED_SWIFT_STANDARD_LIBRARIES = YES;
				BUNDLE_LOADER = "$(TEST_HOST)";
				CODE_SIGN_STYLE = Automatic;
				CURRENT_PROJECT_VERSION = 1;
				DEVELOPMENT_TEAM = 98UFL8A7L4;
				GENERATE_INFOPLIST_FILE = YES;
				IPHONEOS_DEPLOYMENT_TARGET = 15.0;
				LD_RUNPATH_SEARCH_PATHS = (
					"$(inherited)",
					"@executable_path/Frameworks",
					"@loader_path/Frameworks",
				);
				MARKETING_VERSION = 1.0;
				PRODUCT_BUNDLE_IDENTIFIER = com.fuwamaki.SampleRepoListTests;
				PRODUCT_NAME = "$(TARGET_NAME)";
				SWIFT_EMIT_LOC_STRINGS = NO;
				SWIFT_VERSION = 5.0;
				TARGETED_DEVICE_FAMILY = "1,2";
				TEST_HOST = "$(BUILT_PRODUCTS_DIR)/SampleRepoList.app/SampleRepoList";
			};
			name = Release;
		};
		20F53E832671E124007C80EA /* Debug */ = {
			isa = XCBuildConfiguration;
			buildSettings = {
				ALWAYS_EMBED_SWIFT_STANDARD_LIBRARIES = YES;
				CODE_SIGN_STYLE = Automatic;
				CURRENT_PROJECT_VERSION = 1;
				DEVELOPMENT_TEAM = 98UFL8A7L4;
				GENERATE_INFOPLIST_FILE = YES;
				LD_RUNPATH_SEARCH_PATHS = (
					"$(inherited)",
					"@executable_path/Frameworks",
					"@loader_path/Frameworks",
				);
				MARKETING_VERSION = 1.0;
				PRODUCT_BUNDLE_IDENTIFIER = com.fuwamaki.SampleRepoListUITests;
				PRODUCT_NAME = "$(TARGET_NAME)";
				SWIFT_EMIT_LOC_STRINGS = NO;
				SWIFT_VERSION = 5.0;
				TARGETED_DEVICE_FAMILY = "1,2";
				TEST_TARGET_NAME = SampleRepoList;
			};
			name = Debug;
		};
		20F53E842671E124007C80EA /* Release */ = {
			isa = XCBuildConfiguration;
			buildSettings = {
				ALWAYS_EMBED_SWIFT_STANDARD_LIBRARIES = YES;
				CODE_SIGN_STYLE = Automatic;
				CURRENT_PROJECT_VERSION = 1;
				DEVELOPMENT_TEAM = 98UFL8A7L4;
				GENERATE_INFOPLIST_FILE = YES;
				LD_RUNPATH_SEARCH_PATHS = (
					"$(inherited)",
					"@executable_path/Frameworks",
					"@loader_path/Frameworks",
				);
				MARKETING_VERSION = 1.0;
				PRODUCT_BUNDLE_IDENTIFIER = com.fuwamaki.SampleRepoListUITests;
				PRODUCT_NAME = "$(TARGET_NAME)";
				SWIFT_EMIT_LOC_STRINGS = NO;
				SWIFT_VERSION = 5.0;
				TARGETED_DEVICE_FAMILY = "1,2";
				TEST_TARGET_NAME = SampleRepoList;
			};
			name = Release;
		};
/* End XCBuildConfiguration section */

/* Begin XCConfigurationList section */
		20F53E4F2671E121007C80EA /* Build configuration list for PBXProject "SampleRepoList" */ = {
			isa = XCConfigurationList;
			buildConfigurations = (
				20F53E7A2671E124007C80EA /* Debug */,
				20F53E7B2671E124007C80EA /* Release */,
			);
			defaultConfigurationIsVisible = 0;
			defaultConfigurationName = Release;
		};
		20F53E7C2671E124007C80EA /* Build configuration list for PBXNativeTarget "SampleRepoList" */ = {
			isa = XCConfigurationList;
			buildConfigurations = (
				20F53E7D2671E124007C80EA /* Debug */,
				20F53E7E2671E124007C80EA /* Release */,
			);
			defaultConfigurationIsVisible = 0;
			defaultConfigurationName = Release;
		};
		20F53E7F2671E124007C80EA /* Build configuration list for PBXNativeTarget "SampleRepoListTests" */ = {
			isa = XCConfigurationList;
			buildConfigurations = (
				20F53E802671E124007C80EA /* Debug */,
				20F53E812671E124007C80EA /* Release */,
			);
			defaultConfigurationIsVisible = 0;
			defaultConfigurationName = Release;
		};
		20F53E822671E124007C80EA /* Build configuration list for PBXNativeTarget "SampleRepoListUITests" */ = {
			isa = XCConfigurationList;
			buildConfigurations = (
				20F53E832671E124007C80EA /* Debug */,
				20F53E842671E124007C80EA /* Release */,
			);
			defaultConfigurationIsVisible = 0;
			defaultConfigurationName = Release;
		};
/* End XCConfigurationList section */
	};
	rootObject = 20F53E4C2671E121007C80EA /* Project object */;
}
